// !$*UTF8*$!
{
	archiveVersion = 1;
	classes = {
	};
	objectVersion = 56;
	objects = {

/* Begin PBXBuildFile section */
		722361AC29449D980063BA95 /* hikeData.json in Resources */ = {isa = PBXBuildFile; fileRef = 722361AB29449D980063BA95 /* hikeData.json */; };
		722361AE29449DD80063BA95 /* Hike.swift in Sources */ = {isa = PBXBuildFile; fileRef = 722361AD29449DD80063BA95 /* Hike.swift */; };
		722361B429449F0D0063BA95 /* GraphCapsule.swift in Sources */ = {isa = PBXBuildFile; fileRef = 722361B029449F0D0063BA95 /* GraphCapsule.swift */; };
		722361B529449F0D0063BA95 /* HikeGraph.swift in Sources */ = {isa = PBXBuildFile; fileRef = 722361B129449F0D0063BA95 /* HikeGraph.swift */; };
		722361B629449F0D0063BA95 /* HikeDetail.swift in Sources */ = {isa = PBXBuildFile; fileRef = 722361B229449F0D0063BA95 /* HikeDetail.swift */; };
		722361B729449F0D0063BA95 /* HikeView.swift in Sources */ = {isa = PBXBuildFile; fileRef = 722361B329449F0D0063BA95 /* HikeView.swift */; };
		7251FDF8293DFD35003E887B /* LandmarkDetail.swift in Sources */ = {isa = PBXBuildFile; fileRef = 7251FDF7293DFD35003E887B /* LandmarkDetail.swift */; };
		726CD68F293CF58C0048A313 /* LandmarkRow.swift in Sources */ = {isa = PBXBuildFile; fileRef = 726CD68E293CF58C0048A313 /* LandmarkRow.swift */; };
		726CD691293CF9D20048A313 /* LandmarkList.swift in Sources */ = {isa = PBXBuildFile; fileRef = 726CD690293CF9D20048A313 /* LandmarkList.swift */; };
		727B364D293BB40900CB4B3F /* landmarksApp.swift in Sources */ = {isa = PBXBuildFile; fileRef = 727B364C293BB40900CB4B3F /* landmarksApp.swift */; };
		727B364F293BB40900CB4B3F /* ContentView.swift in Sources */ = {isa = PBXBuildFile; fileRef = 727B364E293BB40900CB4B3F /* ContentView.swift */; };
		727B3651293BB40A00CB4B3F /* Assets.xcassets in Resources */ = {isa = PBXBuildFile; fileRef = 727B3650293BB40A00CB4B3F /* Assets.xcassets */; };
		727B3654293BB40A00CB4B3F /* Preview Assets.xcassets in Resources */ = {isa = PBXBuildFile; fileRef = 727B3653293BB40A00CB4B3F /* Preview Assets.xcassets */; };
		727B365E293BB40A00CB4B3F /* landmarksTests.swift in Sources */ = {isa = PBXBuildFile; fileRef = 727B365D293BB40A00CB4B3F /* landmarksTests.swift */; };
		727B3668293BB40A00CB4B3F /* landmarksUITests.swift in Sources */ = {isa = PBXBuildFile; fileRef = 727B3667293BB40A00CB4B3F /* landmarksUITests.swift */; };
		727B366A293BB40A00CB4B3F /* landmarksUITestsLaunchTests.swift in Sources */ = {isa = PBXBuildFile; fileRef = 727B3669293BB40A00CB4B3F /* landmarksUITestsLaunchTests.swift */; };
		727B3677293BC61400CB4B3F /* CircleImage.swift in Sources */ = {isa = PBXBuildFile; fileRef = 727B3676293BC61400CB4B3F /* CircleImage.swift */; };
		72A29760293CB17B00162633 /* MapView.swift in Sources */ = {isa = PBXBuildFile; fileRef = 72A2975F293CB17B00162633 /* MapView.swift */; };
		72A29762293CB9B300162633 /* landmarkData.json in Resources */ = {isa = PBXBuildFile; fileRef = 72A29761293CB9B300162633 /* landmarkData.json */; };
		72A29764293CB9E300162633 /* Landmark.swift in Sources */ = {isa = PBXBuildFile; fileRef = 72A29763293CB9E300162633 /* Landmark.swift */; };
		72A2977C293CBBB000162633 /* ModelData.swift in Sources */ = {isa = PBXBuildFile; fileRef = 72A2977B293CBBB000162633 /* ModelData.swift */; };
		72C6BCFB293FDE4700B96192 /* FavoriteButton.swift in Sources */ = {isa = PBXBuildFile; fileRef = 72C6BCFA293FDE4700B96192 /* FavoriteButton.swift */; };
		8672672C126B76AAC7E29343 /* HexagonParameters.swift in Sources */ = {isa = PBXBuildFile; fileRef = 8672659CBADA08BA4B192348 /* HexagonParameters.swift */; };
		867268A279EB2831CEA029E6 /* RotatedBadgeSymbol.swift in Sources */ = {isa = PBXBuildFile; fileRef = 867261EA89F28D53B5B529B0 /* RotatedBadgeSymbol.swift */; };
		86726A2D091FDF1C4A872DF1 /* BadgeBackground.swift in Sources */ = {isa = PBXBuildFile; fileRef = 8672690CA64FE40A4A0E4A9E /* BadgeBackground.swift */; };
		86726A6CE4F224D4590FD18F /* Badge.swift in Sources */ = {isa = PBXBuildFile; fileRef = 8672669F3CCFF6F7AD56D0ED /* Badge.swift */; };
		86726C4A074A6DFF1DCD86B4 /* BadgeSymbol.swift in Sources */ = {isa = PBXBuildFile; fileRef = 8672697B84F1231425FCB957 /* BadgeSymbol.swift */; };
/* End PBXBuildFile section */

/* Begin PBXContainerItemProxy section */
		727B365A293BB40A00CB4B3F /* PBXContainerItemProxy */ = {
			isa = PBXContainerItemProxy;
			containerPortal = 727B3641293BB40900CB4B3F /* Project object */;
			proxyType = 1;
			remoteGlobalIDString = 727B3648293BB40900CB4B3F;
			remoteInfo = landmarks;
		};
		727B3664293BB40A00CB4B3F /* PBXContainerItemProxy */ = {
			isa = PBXContainerItemProxy;
			containerPortal = 727B3641293BB40900CB4B3F /* Project object */;
			proxyType = 1;
			remoteGlobalIDString = 727B3648293BB40900CB4B3F;
			remoteInfo = landmarks;
		};
/* End PBXContainerItemProxy section */

/* Begin PBXFileReference section */
		722361AB29449D980063BA95 /* hikeData.json */ = {isa = PBXFileReference; fileEncoding = 4; lastKnownFileType = text.json; path = hikeData.json; sourceTree = "<group>"; };
		722361AD29449DD80063BA95 /* Hike.swift */ = {isa = PBXFileReference; lastKnownFileType = sourcecode.swift; path = Hike.swift; sourceTree = "<group>"; };
		722361B029449F0D0063BA95 /* GraphCapsule.swift */ = {isa = PBXFileReference; fileEncoding = 4; lastKnownFileType = sourcecode.swift; path = GraphCapsule.swift; sourceTree = "<group>"; };
		722361B129449F0D0063BA95 /* HikeGraph.swift */ = {isa = PBXFileReference; fileEncoding = 4; lastKnownFileType = sourcecode.swift; path = HikeGraph.swift; sourceTree = "<group>"; };
		722361B229449F0D0063BA95 /* HikeDetail.swift */ = {isa = PBXFileReference; fileEncoding = 4; lastKnownFileType = sourcecode.swift; path = HikeDetail.swift; sourceTree = "<group>"; };
		722361B329449F0D0063BA95 /* HikeView.swift */ = {isa = PBXFileReference; fileEncoding = 4; lastKnownFileType = sourcecode.swift; path = HikeView.swift; sourceTree = "<group>"; };
		7251FDF7293DFD35003E887B /* LandmarkDetail.swift */ = {isa = PBXFileReference; lastKnownFileType = sourcecode.swift; path = LandmarkDetail.swift; sourceTree = "<group>"; };
		726CD68E293CF58C0048A313 /* LandmarkRow.swift */ = {isa = PBXFileReference; lastKnownFileType = sourcecode.swift; path = LandmarkRow.swift; sourceTree = "<group>"; };
		726CD690293CF9D20048A313 /* LandmarkList.swift */ = {isa = PBXFileReference; lastKnownFileType = sourcecode.swift; path = LandmarkList.swift; sourceTree = "<group>"; };
		727B3649293BB40900CB4B3F /* landmarks.app */ = {isa = PBXFileReference; explicitFileType = wrapper.application; includeInIndex = 0; path = landmarks.app; sourceTree = BUILT_PRODUCTS_DIR; };
		727B364C293BB40900CB4B3F /* landmarksApp.swift */ = {isa = PBXFileReference; lastKnownFileType = sourcecode.swift; path = landmarksApp.swift; sourceTree = "<group>"; };
		727B364E293BB40900CB4B3F /* ContentView.swift */ = {isa = PBXFileReference; lastKnownFileType = sourcecode.swift; path = ContentView.swift; sourceTree = "<group>"; };
		727B3650293BB40A00CB4B3F /* Assets.xcassets */ = {isa = PBXFileReference; lastKnownFileType = folder.assetcatalog; path = Assets.xcassets; sourceTree = "<group>"; };
		727B3653293BB40A00CB4B3F /* Preview Assets.xcassets */ = {isa = PBXFileReference; lastKnownFileType = folder.assetcatalog; path = "Preview Assets.xcassets"; sourceTree = "<group>"; };
		727B3659293BB40A00CB4B3F /* landmarksTests.xctest */ = {isa = PBXFileReference; explicitFileType = wrapper.cfbundle; includeInIndex = 0; path = landmarksTests.xctest; sourceTree = BUILT_PRODUCTS_DIR; };
		727B365D293BB40A00CB4B3F /* landmarksTests.swift */ = {isa = PBXFileReference; lastKnownFileType = sourcecode.swift; path = landmarksTests.swift; sourceTree = "<group>"; };
		727B3663293BB40A00CB4B3F /* landmarksUITests.xctest */ = {isa = PBXFileReference; explicitFileType = wrapper.cfbundle; includeInIndex = 0; path = landmarksUITests.xctest; sourceTree = BUILT_PRODUCTS_DIR; };
		727B3667293BB40A00CB4B3F /* landmarksUITests.swift */ = {isa = PBXFileReference; lastKnownFileType = sourcecode.swift; path = landmarksUITests.swift; sourceTree = "<group>"; };
		727B3669293BB40A00CB4B3F /* landmarksUITestsLaunchTests.swift */ = {isa = PBXFileReference; lastKnownFileType = sourcecode.swift; path = landmarksUITestsLaunchTests.swift; sourceTree = "<group>"; };
		727B3676293BC61400CB4B3F /* CircleImage.swift */ = {isa = PBXFileReference; lastKnownFileType = sourcecode.swift; path = CircleImage.swift; sourceTree = "<group>"; };
		72A2975F293CB17B00162633 /* MapView.swift */ = {isa = PBXFileReference; lastKnownFileType = sourcecode.swift; path = MapView.swift; sourceTree = "<group>"; };
		72A29761293CB9B300162633 /* landmarkData.json */ = {isa = PBXFileReference; fileEncoding = 4; lastKnownFileType = text.json; path = landmarkData.json; sourceTree = "<group>"; };
		72A29763293CB9E300162633 /* Landmark.swift */ = {isa = PBXFileReference; lastKnownFileType = sourcecode.swift; path = Landmark.swift; sourceTree = "<group>"; };
		72A2977B293CBBB000162633 /* ModelData.swift */ = {isa = PBXFileReference; lastKnownFileType = sourcecode.swift; path = ModelData.swift; sourceTree = "<group>"; };
		72C6BCFA293FDE4700B96192 /* FavoriteButton.swift */ = {isa = PBXFileReference; lastKnownFileType = sourcecode.swift; path = FavoriteButton.swift; sourceTree = "<group>"; };
		867261EA89F28D53B5B529B0 /* RotatedBadgeSymbol.swift */ = {isa = PBXFileReference; fileEncoding = 4; lastKnownFileType = sourcecode.swift; path = RotatedBadgeSymbol.swift; sourceTree = "<group>"; };
		8672659CBADA08BA4B192348 /* HexagonParameters.swift */ = {isa = PBXFileReference; fileEncoding = 4; lastKnownFileType = sourcecode.swift; path = HexagonParameters.swift; sourceTree = "<group>"; };
		8672669F3CCFF6F7AD56D0ED /* Badge.swift */ = {isa = PBXFileReference; fileEncoding = 4; lastKnownFileType = sourcecode.swift; path = Badge.swift; sourceTree = "<group>"; };
		8672690CA64FE40A4A0E4A9E /* BadgeBackground.swift */ = {isa = PBXFileReference; fileEncoding = 4; lastKnownFileType = sourcecode.swift; path = BadgeBackground.swift; sourceTree = "<group>"; };
		8672697B84F1231425FCB957 /* BadgeSymbol.swift */ = {isa = PBXFileReference; fileEncoding = 4; lastKnownFileType = sourcecode.swift; path = BadgeSymbol.swift; sourceTree = "<group>"; };
/* End PBXFileReference section */

/* Begin PBXFrameworksBuildPhase section */
		727B3646293BB40900CB4B3F /* Frameworks */ = {
			isa = PBXFrameworksBuildPhase;
			buildActionMask = 2147483647;
			files = (
			);
			runOnlyForDeploymentPostprocessing = 0;
		};
		727B3656293BB40A00CB4B3F /* Frameworks */ = {
			isa = PBXFrameworksBuildPhase;
			buildActionMask = 2147483647;
			files = (
			);
			runOnlyForDeploymentPostprocessing = 0;
		};
		727B3660293BB40A00CB4B3F /* Frameworks */ = {
			isa = PBXFrameworksBuildPhase;
			buildActionMask = 2147483647;
			files = (
			);
			runOnlyForDeploymentPostprocessing = 0;
		};
/* End PBXFrameworksBuildPhase section */

/* Begin PBXGroup section */
		722361AF29449F0D0063BA95 /* Hikes */ = {
			isa = PBXGroup;
			children = (
				722361B029449F0D0063BA95 /* GraphCapsule.swift */,
				722361B129449F0D0063BA95 /* HikeGraph.swift */,
				722361B229449F0D0063BA95 /* HikeDetail.swift */,
				722361B329449F0D0063BA95 /* HikeView.swift */,
			);
			path = Hikes;
			sourceTree = "<group>";
		};
		727B3640293BB40900CB4B3F = {
			isa = PBXGroup;
			children = (
				727B364B293BB40900CB4B3F /* landmarks */,
				727B365C293BB40A00CB4B3F /* landmarksTests */,
				727B3666293BB40A00CB4B3F /* landmarksUITests */,
				727B364A293BB40900CB4B3F /* Products */,
			);
			sourceTree = "<group>";
		};
		727B364A293BB40900CB4B3F /* Products */ = {
			isa = PBXGroup;
			children = (
				727B3649293BB40900CB4B3F /* landmarks.app */,
				727B3659293BB40A00CB4B3F /* landmarksTests.xctest */,
				727B3663293BB40A00CB4B3F /* landmarksUITests.xctest */,
			);
			name = Products;
			sourceTree = "<group>";
		};
		727B364B293BB40900CB4B3F /* landmarks */ = {
			isa = PBXGroup;
			children = (
				727B364C293BB40900CB4B3F /* landmarksApp.swift */,
				72A2977E293CBD5F00162633 /* Views */,
				72A2977F293CBD6F00162633 /* Model */,
				72A29780293CBD7E00162633 /* Resources */,
				727B3650293BB40A00CB4B3F /* Assets.xcassets */,
				727B3652293BB40A00CB4B3F /* Preview Content */,
			);
			path = landmarks;
			sourceTree = "<group>";
		};
		727B3652293BB40A00CB4B3F /* Preview Content */ = {
			isa = PBXGroup;
			children = (
				727B3653293BB40A00CB4B3F /* Preview Assets.xcassets */,
			);
			path = "Preview Content";
			sourceTree = "<group>";
		};
		727B365C293BB40A00CB4B3F /* landmarksTests */ = {
			isa = PBXGroup;
			children = (
				727B365D293BB40A00CB4B3F /* landmarksTests.swift */,
			);
			path = landmarksTests;
			sourceTree = "<group>";
		};
		727B3666293BB40A00CB4B3F /* landmarksUITests */ = {
			isa = PBXGroup;
			children = (
				727B3667293BB40A00CB4B3F /* landmarksUITests.swift */,
				727B3669293BB40A00CB4B3F /* landmarksUITestsLaunchTests.swift */,
			);
			path = landmarksUITests;
			sourceTree = "<group>";
		};
		72A2977E293CBD5F00162633 /* Views */ = {
			isa = PBXGroup;
			children = (
				722361AF29449F0D0063BA95 /* Hikes */,
				727B364E293BB40900CB4B3F /* ContentView.swift */,
				72C6BCFD293FDF7400B96192 /* Landmarks */,
				72C6BCFC293FDF5700B96192 /* Helpers */,
				86726F5CD2C158944A0761D5 /* Badges */,
			);
			path = Views;
			sourceTree = "<group>";
		};
		72A2977F293CBD6F00162633 /* Model */ = {
			isa = PBXGroup;
			children = (
				72A29763293CB9E300162633 /* Landmark.swift */,
				72A2977B293CBBB000162633 /* ModelData.swift */,
				722361AD29449DD80063BA95 /* Hike.swift */,
			);
			path = Model;
			sourceTree = "<group>";
		};
		72A29780293CBD7E00162633 /* Resources */ = {
			isa = PBXGroup;
			children = (
				722361AB29449D980063BA95 /* hikeData.json */,
				72A29761293CB9B300162633 /* landmarkData.json */,
			);
			path = Resources;
			sourceTree = "<group>";
		};
		72C6BCFC293FDF5700B96192 /* Helpers */ = {
			isa = PBXGroup;
			children = (
				72C6BCFA293FDE4700B96192 /* FavoriteButton.swift */,
				727B3676293BC61400CB4B3F /* CircleImage.swift */,
				72A2975F293CB17B00162633 /* MapView.swift */,
			);
			path = Helpers;
			sourceTree = "<group>";
		};
		72C6BCFD293FDF7400B96192 /* Landmarks */ = {
			isa = PBXGroup;
			children = (
				726CD690293CF9D20048A313 /* LandmarkList.swift */,
				7251FDF7293DFD35003E887B /* LandmarkDetail.swift */,
				726CD68E293CF58C0048A313 /* LandmarkRow.swift */,
			);
			path = Landmarks;
			sourceTree = "<group>";
		};
		86726F5CD2C158944A0761D5 /* Badges */ = {
			isa = PBXGroup;
			children = (
				8672669F3CCFF6F7AD56D0ED /* Badge.swift */,
				8672690CA64FE40A4A0E4A9E /* BadgeBackground.swift */,
				8672697B84F1231425FCB957 /* BadgeSymbol.swift */,
				8672659CBADA08BA4B192348 /* HexagonParameters.swift */,
				867261EA89F28D53B5B529B0 /* RotatedBadgeSymbol.swift */,
			);
			path = Badges;
			sourceTree = "<group>";
		};
/* End PBXGroup section */

/* Begin PBXNativeTarget section */
		727B3648293BB40900CB4B3F /* landmarks */ = {
			isa = PBXNativeTarget;
			buildConfigurationList = 727B366D293BB40A00CB4B3F /* Build configuration list for PBXNativeTarget "landmarks" */;
			buildPhases = (
				727B3645293BB40900CB4B3F /* Sources */,
				727B3646293BB40900CB4B3F /* Frameworks */,
				727B3647293BB40900CB4B3F /* Resources */,
			);
			buildRules = (
			);
			dependencies = (
			);
			name = landmarks;
			productName = landmarks;
			productReference = 727B3649293BB40900CB4B3F /* landmarks.app */;
			productType = "com.apple.product-type.application";
		};
		727B3658293BB40A00CB4B3F /* landmarksTests */ = {
			isa = PBXNativeTarget;
			buildConfigurationList = 727B3670293BB40A00CB4B3F /* Build configuration list for PBXNativeTarget "landmarksTests" */;
			buildPhases = (
				727B3655293BB40A00CB4B3F /* Sources */,
				727B3656293BB40A00CB4B3F /* Frameworks */,
				727B3657293BB40A00CB4B3F /* Resources */,
			);
			buildRules = (
			);
			dependencies = (
				727B365B293BB40A00CB4B3F /* PBXTargetDependency */,
			);
			name = landmarksTests;
			productName = landmarksTests;
			productReference = 727B3659293BB40A00CB4B3F /* landmarksTests.xctest */;
			productType = "com.apple.product-type.bundle.unit-test";
		};
		727B3662293BB40A00CB4B3F /* landmarksUITests */ = {
			isa = PBXNativeTarget;
			buildConfigurationList = 727B3673293BB40A00CB4B3F /* Build configuration list for PBXNativeTarget "landmarksUITests" */;
			buildPhases = (
				727B365F293BB40A00CB4B3F /* Sources */,
				727B3660293BB40A00CB4B3F /* Frameworks */,
				727B3661293BB40A00CB4B3F /* Resources */,
			);
			buildRules = (
			);
			dependencies = (
				727B3665293BB40A00CB4B3F /* PBXTargetDependency */,
			);
			name = landmarksUITests;
			productName = landmarksUITests;
			productReference = 727B3663293BB40A00CB4B3F /* landmarksUITests.xctest */;
			productType = "com.apple.product-type.bundle.ui-testing";
		};
/* End PBXNativeTarget section */

/* Begin PBXProject section */
		727B3641293BB40900CB4B3F /* Project object */ = {
			isa = PBXProject;
			attributes = {
				BuildIndependentTargetsInParallel = 1;
				LastSwiftUpdateCheck = 1410;
				LastUpgradeCheck = 1410;
				TargetAttributes = {
					727B3648293BB40900CB4B3F = {
						CreatedOnToolsVersion = 14.1;
					};
					727B3658293BB40A00CB4B3F = {
						CreatedOnToolsVersion = 14.1;
						TestTargetID = 727B3648293BB40900CB4B3F;
					};
					727B3662293BB40A00CB4B3F = {
						CreatedOnToolsVersion = 14.1;
						TestTargetID = 727B3648293BB40900CB4B3F;
					};
				};
			};
			buildConfigurationList = 727B3644293BB40900CB4B3F /* Build configuration list for PBXProject "landmarks" */;
			compatibilityVersion = "Xcode 14.0";
			developmentRegion = en;
			hasScannedForEncodings = 0;
			knownRegions = (
				en,
				Base,
			);
			mainGroup = 727B3640293BB40900CB4B3F;
			productRefGroup = 727B364A293BB40900CB4B3F /* Products */;
			projectDirPath = "";
			projectRoot = "";
			targets = (
				727B3648293BB40900CB4B3F /* landmarks */,
				727B3658293BB40A00CB4B3F /* landmarksTests */,
				727B3662293BB40A00CB4B3F /* landmarksUITests */,
			);
		};
/* End PBXProject section */

/* Begin PBXResourcesBuildPhase section */
		727B3647293BB40900CB4B3F /* Resources */ = {
			isa = PBXResourcesBuildPhase;
			buildActionMask = 2147483647;
			files = (
				722361AC29449D980063BA95 /* hikeData.json in Resources */,
				727B3654293BB40A00CB4B3F /* Preview Assets.xcassets in Resources */,
				727B3651293BB40A00CB4B3F /* Assets.xcassets in Resources */,
				72A29762293CB9B300162633 /* landmarkData.json in Resources */,
			);
			runOnlyForDeploymentPostprocessing = 0;
		};
		727B3657293BB40A00CB4B3F /* Resources */ = {
			isa = PBXResourcesBuildPhase;
			buildActionMask = 2147483647;
			files = (
			);
			runOnlyForDeploymentPostprocessing = 0;
		};
		727B3661293BB40A00CB4B3F /* Resources */ = {
			isa = PBXResourcesBuildPhase;
			buildActionMask = 2147483647;
			files = (
			);
			runOnlyForDeploymentPostprocessing = 0;
		};
/* End PBXResourcesBuildPhase section */

/* Begin PBXSourcesBuildPhase section */
		727B3645293BB40900CB4B3F /* Sources */ = {
			isa = PBXSourcesBuildPhase;
			buildActionMask = 2147483647;
			files = (
				727B364F293BB40900CB4B3F /* ContentView.swift in Sources */,
				722361B529449F0D0063BA95 /* HikeGraph.swift in Sources */,
				72A29760293CB17B00162633 /* MapView.swift in Sources */,
				727B364D293BB40900CB4B3F /* landmarksApp.swift in Sources */,
				722361B429449F0D0063BA95 /* GraphCapsule.swift in Sources */,
				72C6BCFB293FDE4700B96192 /* FavoriteButton.swift in Sources */,
				726CD691293CF9D20048A313 /* LandmarkList.swift in Sources */,
				722361B629449F0D0063BA95 /* HikeDetail.swift in Sources */,
				7251FDF8293DFD35003E887B /* LandmarkDetail.swift in Sources */,
				722361AE29449DD80063BA95 /* Hike.swift in Sources */,
				727B3677293BC61400CB4B3F /* CircleImage.swift in Sources */,
				72A29764293CB9E300162633 /* Landmark.swift in Sources */,
				726CD68F293CF58C0048A313 /* LandmarkRow.swift in Sources */,
				722361B729449F0D0063BA95 /* HikeView.swift in Sources */,
				72A2977C293CBBB000162633 /* ModelData.swift in Sources */,
				86726A6CE4F224D4590FD18F /* Badge.swift in Sources */,
				86726A2D091FDF1C4A872DF1 /* BadgeBackground.swift in Sources */,
				86726C4A074A6DFF1DCD86B4 /* BadgeSymbol.swift in Sources */,
				8672672C126B76AAC7E29343 /* HexagonParameters.swift in Sources */,
				867268A279EB2831CEA029E6 /* RotatedBadgeSymbol.swift in Sources */,
			);
			runOnlyForDeploymentPostprocessing = 0;
		};
		727B3655293BB40A00CB4B3F /* Sources */ = {
			isa = PBXSourcesBuildPhase;
			buildActionMask = 2147483647;
			files = (
				727B365E293BB40A00CB4B3F /* landmarksTests.swift in Sources */,
			);
			runOnlyForDeploymentPostprocessing = 0;
		};
		727B365F293BB40A00CB4B3F /* Sources */ = {
			isa = PBXSourcesBuildPhase;
			buildActionMask = 2147483647;
			files = (
				727B366A293BB40A00CB4B3F /* landmarksUITestsLaunchTests.swift in Sources */,
				727B3668293BB40A00CB4B3F /* landmarksUITests.swift in Sources */,
			);
			runOnlyForDeploymentPostprocessing = 0;
		};
/* End PBXSourcesBuildPhase section */

/* Begin PBXTargetDependency section */
		727B365B293BB40A00CB4B3F /* PBXTargetDependency */ = {
			isa = PBXTargetDependency;
			target = 727B3648293BB40900CB4B3F /* landmarks */;
			targetProxy = 727B365A293BB40A00CB4B3F /* PBXContainerItemProxy */;
		};
		727B3665293BB40A00CB4B3F /* PBXTargetDependency */ = {
			isa = PBXTargetDependency;
			target = 727B3648293BB40900CB4B3F /* landmarks */;
			targetProxy = 727B3664293BB40A00CB4B3F /* PBXContainerItemProxy */;
		};
/* End PBXTargetDependency section */

/* Begin XCBuildConfiguration section */
		727B366B293BB40A00CB4B3F /* Debug */ = {
			isa = XCBuildConfiguration;
			buildSettings = {
				ALWAYS_SEARCH_USER_PATHS = NO;
				CLANG_ANALYZER_NONNULL = YES;
				CLANG_ANALYZER_NUMBER_OBJECT_CONVERSION = YES_AGGRESSIVE;
				CLANG_CXX_LANGUAGE_STANDARD = "gnu++20";
				CLANG_ENABLE_MODULES = YES;
				CLANG_ENABLE_OBJC_ARC = YES;
				CLANG_ENABLE_OBJC_WEAK = YES;
				CLANG_WARN_BLOCK_CAPTURE_AUTORELEASING = YES;
				CLANG_WARN_BOOL_CONVERSION = YES;
				CLANG_WARN_COMMA = YES;
				CLANG_WARN_CONSTANT_CONVERSION = YES;
				CLANG_WARN_DEPRECATED_OBJC_IMPLEMENTATIONS = YES;
				CLANG_WARN_DIRECT_OBJC_ISA_USAGE = YES_ERROR;
				CLANG_WARN_DOCUMENTATION_COMMENTS = YES;
				CLANG_WARN_EMPTY_BODY = YES;
				CLANG_WARN_ENUM_CONVERSION = YES;
				CLANG_WARN_INFINITE_RECURSION = YES;
				CLANG_WARN_INT_CONVERSION = YES;
				CLANG_WARN_NON_LITERAL_NULL_CONVERSION = YES;
				CLANG_WARN_OBJC_IMPLICIT_RETAIN_SELF = YES;
				CLANG_WARN_OBJC_LITERAL_CONVERSION = YES;
				CLANG_WARN_OBJC_ROOT_CLASS = YES_ERROR;
				CLANG_WARN_QUOTED_INCLUDE_IN_FRAMEWORK_HEADER = YES;
				CLANG_WARN_RANGE_LOOP_ANALYSIS = YES;
				CLANG_WARN_STRICT_PROTOTYPES = YES;
				CLANG_WARN_SUSPICIOUS_MOVE = YES;
				CLANG_WARN_UNGUARDED_AVAILABILITY = YES_AGGRESSIVE;
				CLANG_WARN_UNREACHABLE_CODE = YES;
				CLANG_WARN__DUPLICATE_METHOD_MATCH = YES;
				COPY_PHASE_STRIP = NO;
				DEBUG_INFORMATION_FORMAT = dwarf;
				ENABLE_STRICT_OBJC_MSGSEND = YES;
				ENABLE_TESTABILITY = YES;
				GCC_C_LANGUAGE_STANDARD = gnu11;
				GCC_DYNAMIC_NO_PIC = NO;
				GCC_NO_COMMON_BLOCKS = YES;
				GCC_OPTIMIZATION_LEVEL = 0;
				GCC_PREPROCESSOR_DEFINITIONS = (
					"DEBUG=1",
					"$(inherited)",
				);
				GCC_WARN_64_TO_32_BIT_CONVERSION = YES;
				GCC_WARN_ABOUT_RETURN_TYPE = YES_ERROR;
				GCC_WARN_UNDECLARED_SELECTOR = YES;
				GCC_WARN_UNINITIALIZED_AUTOS = YES_AGGRESSIVE;
				GCC_WARN_UNUSED_FUNCTION = YES;
				GCC_WARN_UNUSED_VARIABLE = YES;
				IPHONEOS_DEPLOYMENT_TARGET = 16.1;
				MTL_ENABLE_DEBUG_INFO = INCLUDE_SOURCE;
				MTL_FAST_MATH = YES;
				ONLY_ACTIVE_ARCH = YES;
				SDKROOT = iphoneos;
				SWIFT_ACTIVE_COMPILATION_CONDITIONS = DEBUG;
				SWIFT_OPTIMIZATION_LEVEL = "-Onone";
			};
			name = Debug;
		};
		727B366C293BB40A00CB4B3F /* Release */ = {
			isa = XCBuildConfiguration;
			buildSettings = {
				ALWAYS_SEARCH_USER_PATHS = NO;
				CLANG_ANALYZER_NONNULL = YES;
				CLANG_ANALYZER_NUMBER_OBJECT_CONVERSION = YES_AGGRESSIVE;
				CLANG_CXX_LANGUAGE_STANDARD = "gnu++20";
				CLANG_ENABLE_MODULES = YES;
				CLANG_ENABLE_OBJC_ARC = YES;
				CLANG_ENABLE_OBJC_WEAK = YES;
				CLANG_WARN_BLOCK_CAPTURE_AUTORELEASING = YES;
				CLANG_WARN_BOOL_CONVERSION = YES;
				CLANG_WARN_COMMA = YES;
				CLANG_WARN_CONSTANT_CONVERSION = YES;
				CLANG_WARN_DEPRECATED_OBJC_IMPLEMENTATIONS = YES;
				CLANG_WARN_DIRECT_OBJC_ISA_USAGE = YES_ERROR;
				CLANG_WARN_DOCUMENTATION_COMMENTS = YES;
				CLANG_WARN_EMPTY_BODY = YES;
				CLANG_WARN_ENUM_CONVERSION = YES;
				CLANG_WARN_INFINITE_RECURSION = YES;
				CLANG_WARN_INT_CONVERSION = YES;
				CLANG_WARN_NON_LITERAL_NULL_CONVERSION = YES;
				CLANG_WARN_OBJC_IMPLICIT_RETAIN_SELF = YES;
				CLANG_WARN_OBJC_LITERAL_CONVERSION = YES;
				CLANG_WARN_OBJC_ROOT_CLASS = YES_ERROR;
				CLANG_WARN_QUOTED_INCLUDE_IN_FRAMEWORK_HEADER = YES;
				CLANG_WARN_RANGE_LOOP_ANALYSIS = YES;
				CLANG_WARN_STRICT_PROTOTYPES = YES;
				CLANG_WARN_SUSPICIOUS_MOVE = YES;
				CLANG_WARN_UNGUARDED_AVAILABILITY = YES_AGGRESSIVE;
				CLANG_WARN_UNREACHABLE_CODE = YES;
				CLANG_WARN__DUPLICATE_METHOD_MATCH = YES;
				COPY_PHASE_STRIP = NO;
				DEBUG_INFORMATION_FORMAT = "dwarf-with-dsym";
				ENABLE_NS_ASSERTIONS = NO;
				ENABLE_STRICT_OBJC_MSGSEND = YES;
				GCC_C_LANGUAGE_STANDARD = gnu11;
				GCC_NO_COMMON_BLOCKS = YES;
				GCC_WARN_64_TO_32_BIT_CONVERSION = YES;
				GCC_WARN_ABOUT_RETURN_TYPE = YES_ERROR;
				GCC_WARN_UNDECLARED_SELECTOR = YES;
				GCC_WARN_UNINITIALIZED_AUTOS = YES_AGGRESSIVE;
				GCC_WARN_UNUSED_FUNCTION = YES;
				GCC_WARN_UNUSED_VARIABLE = YES;
				IPHONEOS_DEPLOYMENT_TARGET = 16.1;
				MTL_ENABLE_DEBUG_INFO = NO;
				MTL_FAST_MATH = YES;
				SDKROOT = iphoneos;
				SWIFT_COMPILATION_MODE = wholemodule;
				SWIFT_OPTIMIZATION_LEVEL = "-O";
				VALIDATE_PRODUCT = YES;
			};
			name = Release;
		};
		727B366E293BB40A00CB4B3F /* Debug */ = {
			isa = XCBuildConfiguration;
			buildSettings = {
				ASSETCATALOG_COMPILER_APPICON_NAME = AppIcon;
				ASSETCATALOG_COMPILER_GLOBAL_ACCENT_COLOR_NAME = AccentColor;
				CODE_SIGN_STYLE = Automatic;
				CURRENT_PROJECT_VERSION = 1;
				DEVELOPMENT_ASSET_PATHS = "\"landmarks/Preview Content\"";
				ENABLE_PREVIEWS = YES;
				GENERATE_INFOPLIST_FILE = YES;
				INFOPLIST_KEY_UIApplicationSceneManifest_Generation = YES;
				INFOPLIST_KEY_UIApplicationSupportsIndirectInputEvents = YES;
				INFOPLIST_KEY_UILaunchScreen_Generation = YES;
				INFOPLIST_KEY_UISupportedInterfaceOrientations_iPad = "UIInterfaceOrientationPortrait UIInterfaceOrientationPortraitUpsideDown UIInterfaceOrientationLandscapeLeft UIInterfaceOrientationLandscapeRight";
				INFOPLIST_KEY_UISupportedInterfaceOrientations_iPhone = "UIInterfaceOrientationPortrait UIInterfaceOrientationLandscapeLeft UIInterfaceOrientationLandscapeRight";
				LD_RUNPATH_SEARCH_PATHS = (
					"$(inherited)",
					"@executable_path/Frameworks",
				);
				MARKETING_VERSION = 1.0;
				PRODUCT_BUNDLE_IDENTIFIER = edu.otatarskyi.landmarks;
				PRODUCT_NAME = "$(TARGET_NAME)";
				SWIFT_EMIT_LOC_STRINGS = YES;
				SWIFT_VERSION = 5.0;
				TARGETED_DEVICE_FAMILY = "1,2";
			};
			name = Debug;
		};
		727B366F293BB40A00CB4B3F /* Release */ = {
			isa = XCBuildConfiguration;
			buildSettings = {
				ASSETCATALOG_COMPILER_APPICON_NAME = AppIcon;
				ASSETCATALOG_COMPILER_GLOBAL_ACCENT_COLOR_NAME = AccentColor;
				CODE_SIGN_STYLE = Automatic;
				CURRENT_PROJECT_VERSION = 1;
				DEVELOPMENT_ASSET_PATHS = "\"landmarks/Preview Content\"";
				ENABLE_PREVIEWS = YES;
				GENERATE_INFOPLIST_FILE = YES;
				INFOPLIST_KEY_UIApplicationSceneManifest_Generation = YES;
				INFOPLIST_KEY_UIApplicationSupportsIndirectInputEvents = YES;
				INFOPLIST_KEY_UILaunchScreen_Generation = YES;
				INFOPLIST_KEY_UISupportedInterfaceOrientations_iPad = "UIInterfaceOrientationPortrait UIInterfaceOrientationPortraitUpsideDown UIInterfaceOrientationLandscapeLeft UIInterfaceOrientationLandscapeRight";
				INFOPLIST_KEY_UISupportedInterfaceOrientations_iPhone = "UIInterfaceOrientationPortrait UIInterfaceOrientationLandscapeLeft UIInterfaceOrientationLandscapeRight";
				LD_RUNPATH_SEARCH_PATHS = (
					"$(inherited)",
					"@executable_path/Frameworks",
				);
				MARKETING_VERSION = 1.0;
				PRODUCT_BUNDLE_IDENTIFIER = edu.otatarskyi.landmarks;
				PRODUCT_NAME = "$(TARGET_NAME)";
				SWIFT_EMIT_LOC_STRINGS = YES;
				SWIFT_VERSION = 5.0;
				TARGETED_DEVICE_FAMILY = "1,2";
			};
			name = Release;
		};
		727B3671293BB40A00CB4B3F /* Debug */ = {
			isa = XCBuildConfiguration;
			buildSettings = {
				ALWAYS_EMBED_SWIFT_STANDARD_LIBRARIES = YES;
				BUNDLE_LOADER = "$(TEST_HOST)";
				CODE_SIGN_STYLE = Automatic;
				CURRENT_PROJECT_VERSION = 1;
				GENERATE_INFOPLIST_FILE = YES;
				IPHONEOS_DEPLOYMENT_TARGET = 16.1;
				MARKETING_VERSION = 1.0;
				PRODUCT_BUNDLE_IDENTIFIER = edu.otatarskyi.landmarksTests;
				PRODUCT_NAME = "$(TARGET_NAME)";
				SWIFT_EMIT_LOC_STRINGS = NO;
				SWIFT_VERSION = 5.0;
				TARGETED_DEVICE_FAMILY = "1,2";
				TEST_HOST = "$(BUILT_PRODUCTS_DIR)/landmarks.app/$(BUNDLE_EXECUTABLE_FOLDER_PATH)/landmarks";
			};
			name = Debug;
		};
		727B3672293BB40A00CB4B3F /* Release */ = {
			isa = XCBuildConfiguration;
			buildSettings = {
				ALWAYS_EMBED_SWIFT_STANDARD_LIBRARIES = YES;
				BUNDLE_LOADER = "$(TEST_HOST)";
				CODE_SIGN_STYLE = Automatic;
				CURRENT_PROJECT_VERSION = 1;
				GENERATE_INFOPLIST_FILE = YES;
				IPHONEOS_DEPLOYMENT_TARGET = 16.1;
				MARKETING_VERSION = 1.0;
				PRODUCT_BUNDLE_IDENTIFIER = edu.otatarskyi.landmarksTests;
				PRODUCT_NAME = "$(TARGET_NAME)";
				SWIFT_EMIT_LOC_STRINGS = NO;
				SWIFT_VERSION = 5.0;
				TARGETED_DEVICE_FAMILY = "1,2";
				TEST_HOST = "$(BUILT_PRODUCTS_DIR)/landmarks.app/$(BUNDLE_EXECUTABLE_FOLDER_PATH)/landmarks";
			};
			name = Release;
		};
		727B3674293BB40A00CB4B3F /* Debug */ = {
			isa = XCBuildConfiguration;
			buildSettings = {
				ALWAYS_EMBED_SWIFT_STANDARD_LIBRARIES = YES;
				CODE_SIGN_STYLE = Automatic;
				CURRENT_PROJECT_VERSION = 1;
				GENERATE_INFOPLIST_FILE = YES;
				MARKETING_VERSION = 1.0;
				PRODUCT_BUNDLE_IDENTIFIER = edu.otatarskyi.landmarksUITests;
				PRODUCT_NAME = "$(TARGET_NAME)";
				SWIFT_EMIT_LOC_STRINGS = NO;
				SWIFT_VERSION = 5.0;
				TARGETED_DEVICE_FAMILY = "1,2";
				TEST_TARGET_NAME = landmarks;
			};
			name = Debug;
		};
		727B3675293BB40A00CB4B3F /* Release */ = {
			isa = XCBuildConfiguration;
			buildSettings = {
				ALWAYS_EMBED_SWIFT_STANDARD_LIBRARIES = YES;
				CODE_SIGN_STYLE = Automatic;
				CURRENT_PROJECT_VERSION = 1;
				GENERATE_INFOPLIST_FILE = YES;
				MARKETING_VERSION = 1.0;
				PRODUCT_BUNDLE_IDENTIFIER = edu.otatarskyi.landmarksUITests;
				PRODUCT_NAME = "$(TARGET_NAME)";
				SWIFT_EMIT_LOC_STRINGS = NO;
				SWIFT_VERSION = 5.0;
				TARGETED_DEVICE_FAMILY = "1,2";
				TEST_TARGET_NAME = landmarks;
			};
			name = Release;
		};
/* End XCBuildConfiguration section */

/* Begin XCConfigurationList section */
		727B3644293BB40900CB4B3F /* Build configuration list for PBXProject "landmarks" */ = {
			isa = XCConfigurationList;
			buildConfigurations = (
				727B366B293BB40A00CB4B3F /* Debug */,
				727B366C293BB40A00CB4B3F /* Release */,
			);
			defaultConfigurationIsVisible = 0;
			defaultConfigurationName = Release;
		};
		727B366D293BB40A00CB4B3F /* Build configuration list for PBXNativeTarget "landmarks" */ = {
			isa = XCConfigurationList;
			buildConfigurations = (
				727B366E293BB40A00CB4B3F /* Debug */,
				727B366F293BB40A00CB4B3F /* Release */,
			);
			defaultConfigurationIsVisible = 0;
			defaultConfigurationName = Release;
		};
		727B3670293BB40A00CB4B3F /* Build configuration list for PBXNativeTarget "landmarksTests" */ = {
			isa = XCConfigurationList;
			buildConfigurations = (
				727B3671293BB40A00CB4B3F /* Debug */,
				727B3672293BB40A00CB4B3F /* Release */,
			);
			defaultConfigurationIsVisible = 0;
			defaultConfigurationName = Release;
		};
		727B3673293BB40A00CB4B3F /* Build configuration list for PBXNativeTarget "landmarksUITests" */ = {
			isa = XCConfigurationList;
			buildConfigurations = (
				727B3674293BB40A00CB4B3F /* Debug */,
				727B3675293BB40A00CB4B3F /* Release */,
			);
			defaultConfigurationIsVisible = 0;
			defaultConfigurationName = Release;
		};
/* End XCConfigurationList section */
	};
	rootObject = 727B3641293BB40900CB4B3F /* Project object */;
}
